{
  "name": "x-windybot",
  "version": "1.0.0",
  "lockfileVersion": 3,
  "requires": true,
  "packages": {
    "": {
      "name": "x-windybot",
      "version": "1.0.0",
      "dependencies": {
        "puppeteer": "^21.3.6"
      },
      "engines": {
        "node": ">=18.0.0"
      }
    },
    "node_modules/puppeteer": {
      "version": "21.11.0",
      "resolved": "https://registry.npmjs.org/puppeteer/-/puppeteer-21.11.0.tgz",
      "integrity": "sha512-9j6oOfwVCw78wIgwQnFBNjPY6xtyPDnKrFQ0qYXx3qodxVO7N9vcniqNW7C5KHyoqxhohOyUdQOVDEOK6f6Wvg==",
      "hasInstallScript": true,
      "dependencies": {
        "@puppeteer/browsers": "1.9.1",
        "cosmiconfig": "8.3.6",
        "puppeteer-core": "21.11.0"
      },
      "bin": {
        "puppeteer": "lib/esm/puppeteer/node/cli.js"
      },
      "engines": {
        "node": ">=16.3.0"
      }
    },
    "node_modules/@puppeteer/browsers": {
      "version": "1.9.1",
      "resolved": "https://registry.npmjs.org/@puppeteer/browsers/-/browsers-1.9.1.tgz",
      "integrity": "sha512-PuvK6xZdV3ESwE2MJd1kWnB6EOccVlXHLuzLdhVWm9cQGFsUkPgRyrKOiMAicTSNTm2DTmqJGCbte0RyCHaHxw==",
      "dependencies": {
        "debug": "4.3.4",
        "extract-zip": "2.0.1",
        "progress": "2.0.3",
        "proxy-agent": "6.3.1",
        "tar-fs": "3.0.4",
        "unbzip2-stream": "1.4.3",
        "yargs": "17.7.2"
      },
      "bin": {
        "browsers": "lib/cjs/main-cli.js"
      },
      "engines": {
        "node": ">=16.3.0"
      }
    }
  }
}